
Microsoft Visual Studio Solution File, Format Version 12.00
# Visual Studio 14
VisualStudioVersion = 14.0.24720.0
MinimumVisualStudioVersion = 10.0.40219.1
Project("{FAE04EC0-301F-11D3-BF4B-00C04F79EFBC}") = "Visitor", "Visitor\Visitor.csproj", "{3B23979F-BEAD-45CA-9990-EB1EE9C7489A}"
EndProject
Project("{FAE04EC0-301F-11D3-BF4B-00C04F79EFBC}") = "Runner", "Runner\Runner.csproj", "{425184AD-6A7C-4FDF-AF6C-3FCE734013FD}"
EndProject
Project("{FAE04EC0-301F-11D3-BF4B-00C04F79EFBC}") = "DynamicVisitor", "DynamicVisitor\DynamicVisitor.csproj", "{BB1080A5-2499-4802-8173-6103B231655B}"
EndProject
Global
	GlobalSection(SolutionConfigurationPlatforms) = preSolution
		Debug|Any CPU = Debug|Any CPU
		Release|Any CPU = Release|Any CPU
	EndGlobalSection
	GlobalSection(ProjectConfigurationPlatforms) = postSolution
		{3B23979F-BEAD-45CA-9990-EB1EE9C7489A}.Debug|Any CPU.ActiveCfg = Debug|Any CPU
		{3B23979F-BEAD-45CA-9990-EB1EE9C7489A}.Debug|Any CPU.Build.0 = Debug|Any CPU
		{3B23979F-BEAD-45CA-9990-EB1EE9C7489A}.Release|Any CPU.ActiveCfg = Release|Any CPU
		{3B23979F-BEAD-45CA-9990-EB1EE9C7489A}.Release|Any CPU.Build.0 = Release|Any CPU
		{425184AD-6A7C-4FDF-AF6C-3FCE734013FD}.Debug|Any CPU.ActiveCfg = Debug|Any CPU
		{425184AD-6A7C-4FDF-AF6C-3FCE734013FD}.Debug|Any CPU.Build.0 = Debug|Any CPU
		{425184AD-6A7C-4FDF-AF6C-3FCE734013FD}.Release|Any CPU.ActiveCfg = Release|Any CPU
		{425184AD-6A7C-4FDF-AF6C-3FCE734013FD}.Release|Any CPU.Build.0 = Release|Any CPU
		{BB1080A5-2499-4802-8173-6103B231655B}.Debug|Any CPU.ActiveCfg = Debug|Any CPU
		{BB1080A5-2499-4802-8173-6103B231655B}.Debug|Any CPU.Build.0 = Debug|Any CPU
		{BB1080A5-2499-4802-8173-6103B231655B}.Release|Any CPU.ActiveCfg = Release|Any CPU
		{BB1080A5-2499-4802-8173-6103B231655B}.Release|Any CPU.Build.0 = Release|Any CPU
	EndGlobalSection
	GlobalSection(SolutionProperties) = preSolution
		HideSolutionNode = FALSE
	EndGlobalSection
EndGlobal
